
Microsoft Visual Studio Solution File, Format Version 12.00
# Visual Studio 15
VisualStudioVersion = 15.0.28307.489
MinimumVisualStudioVersion = 10.0.40219.1
Project("{FAE04EC0-301F-11D3-BF4B-00C04F79EFBC}") = "CalcularAreaDoQuadrado", "CalcularAreaDoQuadrado\CalcularAreaDoQuadrado.csproj", "{B9C8D075-72C0-4514-B427-AD2CE60722CF}"
EndProject
Project("{FAE04EC0-301F-11D3-BF4B-00C04F79EFBC}") = "CalcularMediaAluno", "CalcularMediaAluno\CalcularMediaAluno.csproj", "{88FB23E7-0157-42E7-910C-E94D1F522A45}"
EndProject
Project("{FAE04EC0-301F-11D3-BF4B-00C04F79EFBC}") = "ex-003_VerificarSeCidadaoPodeVotar", "ex-003_VerificarSeCidadaoPodeVotar\ex-003_VerificarSeCidadaoPodeVotar.csproj", "{A7CD9576-795B-4EE5-BD0C-866D5D2FB74B}"
EndProject
Global
	GlobalSection(SolutionConfigurationPlatforms) = preSolution
		Debug|Any CPU = Debug|Any CPU
		Release|Any CPU = Release|Any CPU
	EndGlobalSection
	GlobalSection(ProjectConfigurationPlatforms) = postSolution
		{B9C8D075-72C0-4514-B427-AD2CE60722CF}.Debug|Any CPU.ActiveCfg = Debug|Any CPU
		{B9C8D075-72C0-4514-B427-AD2CE60722CF}.Debug|Any CPU.Build.0 = Debug|Any CPU
		{B9C8D075-72C0-4514-B427-AD2CE60722CF}.Release|Any CPU.ActiveCfg = Release|Any CPU
		{B9C8D075-72C0-4514-B427-AD2CE60722CF}.Release|Any CPU.Build.0 = Release|Any CPU
		{88FB23E7-0157-42E7-910C-E94D1F522A45}.Debug|Any CPU.ActiveCfg = Debug|Any CPU
		{88FB23E7-0157-42E7-910C-E94D1F522A45}.Debug|Any CPU.Build.0 = Debug|Any CPU
		{88FB23E7-0157-42E7-910C-E94D1F522A45}.Release|Any CPU.ActiveCfg = Release|Any CPU
		{88FB23E7-0157-42E7-910C-E94D1F522A45}.Release|Any CPU.Build.0 = Release|Any CPU
		{A7CD9576-795B-4EE5-BD0C-866D5D2FB74B}.Debug|Any CPU.ActiveCfg = Debug|Any CPU
		{A7CD9576-795B-4EE5-BD0C-866D5D2FB74B}.Debug|Any CPU.Build.0 = Debug|Any CPU
		{A7CD9576-795B-4EE5-BD0C-866D5D2FB74B}.Release|Any CPU.ActiveCfg = Release|Any CPU
		{A7CD9576-795B-4EE5-BD0C-866D5D2FB74B}.Release|Any CPU.Build.0 = Release|Any CPU
	EndGlobalSection
	GlobalSection(SolutionProperties) = preSolution
		HideSolutionNode = FALSE
	EndGlobalSection
	GlobalSection(ExtensibilityGlobals) = postSolution
		SolutionGuid = {BB6CDDEA-6BF8-4314-8F47-85B077D03A29}
	EndGlobalSection
EndGlobal
